
Microsoft Visual Studio Solution File, Format Version 12.00
# Visual Studio Version 17
VisualStudioVersion = 17.12.35707.178
MinimumVisualStudioVersion = 10.0.40219.1
Project("{FAE04EC0-301F-11D3-BF4B-00C04F79EFBC}") = "Anglicka gramatika", "Anglicka gramatika\Anglicka gramatika.csproj", "{93BEFD0E-1D15-4508-BD64-B7F65A74258D}"
EndProject
Project("{54435603-DBB4-11D2-8724-00A0C9A8B90C}") = "Anglicka-Gramatika", "Anglicka-Gramatika\Anglicka-Gramatika.vdproj", "{DABB8485-54DA-4D72-A309-A89A4C142D2B}"
EndProject
Global
	GlobalSection(SolutionConfigurationPlatforms) = preSolution
		Debug|Any CPU = Debug|Any CPU
		Release|Any CPU = Release|Any CPU
	EndGlobalSection
	GlobalSection(ProjectConfigurationPlatforms) = postSolution
		{93BEFD0E-1D15-4508-BD64-B7F65A74258D}.Debug|Any CPU.ActiveCfg = Debug|Any CPU
		{93BEFD0E-1D15-4508-BD64-B7F65A74258D}.Debug|Any CPU.Build.0 = Debug|Any CPU
		{93BEFD0E-1D15-4508-BD64-B7F65A74258D}.Release|Any CPU.ActiveCfg = Release|Any CPU
		{93BEFD0E-1D15-4508-BD64-B7F65A74258D}.Release|Any CPU.Build.0 = Release|Any CPU
		{DABB8485-54DA-4D72-A309-A89A4C142D2B}.Debug|Any CPU.ActiveCfg = Debug
		{DABB8485-54DA-4D72-A309-A89A4C142D2B}.Release|Any CPU.ActiveCfg = Release
		{DABB8485-54DA-4D72-A309-A89A4C142D2B}.Release|Any CPU.Build.0 = Release
	EndGlobalSection
	GlobalSection(SolutionProperties) = preSolution
		HideSolutionNode = FALSE
	EndGlobalSection
EndGlobal
